{
  "object": {
    "pins": [
      {
        "package": "DataStream",
        "repositoryURL": "https://github.com/hughbe/DataStream",
        "state": {
          "branch": null,
          "revision": "858175a666cd9d9d45b2d9a364dba61a41940120",
          "version": "2.0.3"
        }
      },
      {
        "package": "BitField",
        "repositoryURL": "https://github.com/hughbe/SwiftBitField",
        "state": {
          "branch": null,
          "revision": "993f2e4ec4d4edfc598abd3e87cc813e937cffc1",
          "version": "1.0.0"
        }
      },
      {
        "package": "MAPI",
        "repositoryURL": "https://github.com/hughbe/SwiftMAPI",
        "state": {
          "branch": null,
          "revision": "f2aec6c1df65c590c571a60bb4a0d96c280b158e",
          "version": "1.1.8"
        }
      },
      {
        "package": "WindowsDataTypes",
        "repositoryURL": "https://github.com/hughbe/WindowsDataTypes",
        "state": {
          "branch": null,
          "revision": "2d0efa7a0fbdb3eae9ff99456cb864382b883f4d",
          "version": "1.0.10"
        }
      }
    ]
  },
  "version": 1
}
