{
  "object": {
    "pins": [
      {
        "package": "DataStream",
        "repositoryURL": "https://github.com/hughbe/DataStream",
        "state": {
          "branch": null,
          "revision": "ae588fd6f0620d6a2d82580e8c730368db2b44e6",
          "version": "1.1.1"
        }
      },
      {
        "package": "MAPI",
        "repositoryURL": "https://github.com/hughbe/SwiftMAPI",
        "state": {
          "branch": null,
          "revision": "3e1baea012655dd7b313d807214700d329254a28",
          "version": "1.0.0"
        }
      }
    ]
  },
  "version": 1
}
